
Microsoft Visual Studio Solution File, Format Version 12.00
# Visual Studio Express 2012 for Windows 8
Project("{262852C6-CD72-467D-83FE-5EEB1973A190}") = "LWDemo", "TestNavigation\LWDemo.jsproj", "{0DF22107-669A-45FA-8DFB-172919FD9EA6}"
EndProject
Project("{262852C6-CD72-467D-83FE-5EEB1973A190}") = "Controls_ListViewItemTemplating", "..\javascriptDemo\HTML ListView item templates sample\JavaScript\Controls_ListViewItemTemplating.jsproj", "{9EE3BA23-05BA-402A-A8B6-F3281C3F8B2C}"
EndProject
Project("{262852C6-CD72-467D-83FE-5EEB1973A190}") = "forTest_GridLayout", "forTest_GridLayout\forTest_GridLayout.jsproj", "{14D6C05E-1570-4257-ABDC-2019C33654F6}"
EndProject
Project("{262852C6-CD72-467D-83FE-5EEB1973A190}") = "DynamicCSSRegions", "..\javascriptDemo\Dynamic CSS Regions sample\JavaScript\DynamicCSSRegions.jsproj", "{CF52E9C2-B7EB-4C1D-A0EE-C15F9F78DDD7}"
EndProject
Global
	GlobalSection(SolutionConfigurationPlatforms) = preSolution
		Debug|ARM = Debug|ARM
		Debug|Any CPU = Debug|Any CPU
		Debug|x64 = Debug|x64
		Debug|x86 = Debug|x86
		Release|ARM = Release|ARM
		Release|Any CPU = Release|Any CPU
		Release|x64 = Release|x64
		Release|x86 = Release|x86
	EndGlobalSection
	GlobalSection(ProjectConfigurationPlatforms) = postSolution
		{0DF22107-669A-45FA-8DFB-172919FD9EA6}.Debug|ARM.ActiveCfg = Debug|ARM
		{0DF22107-669A-45FA-8DFB-172919FD9EA6}.Debug|ARM.Build.0 = Debug|ARM
		{0DF22107-669A-45FA-8DFB-172919FD9EA6}.Debug|ARM.Deploy.0 = Debug|ARM
		{0DF22107-669A-45FA-8DFB-172919FD9EA6}.Debug|Any CPU.ActiveCfg = Debug|Any CPU
		{0DF22107-669A-45FA-8DFB-172919FD9EA6}.Debug|Any CPU.Build.0 = Debug|Any CPU
		{0DF22107-669A-45FA-8DFB-172919FD9EA6}.Debug|Any CPU.Deploy.0 = Debug|Any CPU
		{0DF22107-669A-45FA-8DFB-172919FD9EA6}.Debug|x64.ActiveCfg = Debug|x64
		{0DF22107-669A-45FA-8DFB-172919FD9EA6}.Debug|x64.Build.0 = Debug|x64
		{0DF22107-669A-45FA-8DFB-172919FD9EA6}.Debug|x64.Deploy.0 = Debug|x64
		{0DF22107-669A-45FA-8DFB-172919FD9EA6}.Debug|x86.ActiveCfg = Debug|x86
		{0DF22107-669A-45FA-8DFB-172919FD9EA6}.Debug|x86.Build.0 = Debug|x86
		{0DF22107-669A-45FA-8DFB-172919FD9EA6}.Debug|x86.Deploy.0 = Debug|x86
		{0DF22107-669A-45FA-8DFB-172919FD9EA6}.Release|ARM.ActiveCfg = Release|ARM
		{0DF22107-669A-45FA-8DFB-172919FD9EA6}.Release|ARM.Build.0 = Release|ARM
		{0DF22107-669A-45FA-8DFB-172919FD9EA6}.Release|ARM.Deploy.0 = Release|ARM
		{0DF22107-669A-45FA-8DFB-172919FD9EA6}.Release|Any CPU.ActiveCfg = Release|Any CPU
		{0DF22107-669A-45FA-8DFB-172919FD9EA6}.Release|Any CPU.Build.0 = Release|Any CPU
		{0DF22107-669A-45FA-8DFB-172919FD9EA6}.Release|Any CPU.Deploy.0 = Release|Any CPU
		{0DF22107-669A-45FA-8DFB-172919FD9EA6}.Release|x64.ActiveCfg = Release|x64
		{0DF22107-669A-45FA-8DFB-172919FD9EA6}.Release|x64.Build.0 = Release|x64
		{0DF22107-669A-45FA-8DFB-172919FD9EA6}.Release|x64.Deploy.0 = Release|x64
		{0DF22107-669A-45FA-8DFB-172919FD9EA6}.Release|x86.ActiveCfg = Release|x86
		{0DF22107-669A-45FA-8DFB-172919FD9EA6}.Release|x86.Build.0 = Release|x86
		{0DF22107-669A-45FA-8DFB-172919FD9EA6}.Release|x86.Deploy.0 = Release|x86
		{14D6C05E-1570-4257-ABDC-2019C33654F6}.Debug|ARM.ActiveCfg = Debug|ARM
		{14D6C05E-1570-4257-ABDC-2019C33654F6}.Debug|ARM.Build.0 = Debug|ARM
		{14D6C05E-1570-4257-ABDC-2019C33654F6}.Debug|ARM.Deploy.0 = Debug|ARM
		{14D6C05E-1570-4257-ABDC-2019C33654F6}.Debug|Any CPU.ActiveCfg = Debug|Any CPU
		{14D6C05E-1570-4257-ABDC-2019C33654F6}.Debug|Any CPU.Build.0 = Debug|Any CPU
		{14D6C05E-1570-4257-ABDC-2019C33654F6}.Debug|Any CPU.Deploy.0 = Debug|Any CPU
		{14D6C05E-1570-4257-ABDC-2019C33654F6}.Debug|x64.ActiveCfg = Debug|x64
		{14D6C05E-1570-4257-ABDC-2019C33654F6}.Debug|x64.Build.0 = Debug|x64
		{14D6C05E-1570-4257-ABDC-2019C33654F6}.Debug|x64.Deploy.0 = Debug|x64
		{14D6C05E-1570-4257-ABDC-2019C33654F6}.Debug|x86.ActiveCfg = Debug|x86
		{14D6C05E-1570-4257-ABDC-2019C33654F6}.Debug|x86.Build.0 = Debug|x86
		{14D6C05E-1570-4257-ABDC-2019C33654F6}.Debug|x86.Deploy.0 = Debug|x86
		{14D6C05E-1570-4257-ABDC-2019C33654F6}.Release|ARM.ActiveCfg = Release|ARM
		{14D6C05E-1570-4257-ABDC-2019C33654F6}.Release|ARM.Build.0 = Release|ARM
		{14D6C05E-1570-4257-ABDC-2019C33654F6}.Release|ARM.Deploy.0 = Release|ARM
		{14D6C05E-1570-4257-ABDC-2019C33654F6}.Release|Any CPU.ActiveCfg = Release|Any CPU
		{14D6C05E-1570-4257-ABDC-2019C33654F6}.Release|Any CPU.Build.0 = Release|Any CPU
		{14D6C05E-1570-4257-ABDC-2019C33654F6}.Release|Any CPU.Deploy.0 = Release|Any CPU
		{14D6C05E-1570-4257-ABDC-2019C33654F6}.Release|x64.ActiveCfg = Release|x64
		{14D6C05E-1570-4257-ABDC-2019C33654F6}.Release|x64.Build.0 = Release|x64
		{14D6C05E-1570-4257-ABDC-2019C33654F6}.Release|x64.Deploy.0 = Release|x64
		{14D6C05E-1570-4257-ABDC-2019C33654F6}.Release|x86.ActiveCfg = Release|x86
		{14D6C05E-1570-4257-ABDC-2019C33654F6}.Release|x86.Build.0 = Release|x86
		{14D6C05E-1570-4257-ABDC-2019C33654F6}.Release|x86.Deploy.0 = Release|x86
		{9EE3BA23-05BA-402A-A8B6-F3281C3F8B2C}.Debug|ARM.ActiveCfg = Debug|Any CPU
		{9EE3BA23-05BA-402A-A8B6-F3281C3F8B2C}.Debug|Any CPU.ActiveCfg = Debug|Any CPU
		{9EE3BA23-05BA-402A-A8B6-F3281C3F8B2C}.Debug|Any CPU.Build.0 = Debug|Any CPU
		{9EE3BA23-05BA-402A-A8B6-F3281C3F8B2C}.Debug|Any CPU.Deploy.0 = Debug|Any CPU
		{9EE3BA23-05BA-402A-A8B6-F3281C3F8B2C}.Debug|x64.ActiveCfg = Debug|Any CPU
		{9EE3BA23-05BA-402A-A8B6-F3281C3F8B2C}.Debug|x86.ActiveCfg = Debug|Any CPU
		{9EE3BA23-05BA-402A-A8B6-F3281C3F8B2C}.Release|ARM.ActiveCfg = Release|Any CPU
		{9EE3BA23-05BA-402A-A8B6-F3281C3F8B2C}.Release|Any CPU.ActiveCfg = Release|Any CPU
		{9EE3BA23-05BA-402A-A8B6-F3281C3F8B2C}.Release|Any CPU.Build.0 = Release|Any CPU
		{9EE3BA23-05BA-402A-A8B6-F3281C3F8B2C}.Release|Any CPU.Deploy.0 = Release|Any CPU
		{9EE3BA23-05BA-402A-A8B6-F3281C3F8B2C}.Release|x64.ActiveCfg = Release|Any CPU
		{9EE3BA23-05BA-402A-A8B6-F3281C3F8B2C}.Release|x86.ActiveCfg = Release|Any CPU
		{CF52E9C2-B7EB-4C1D-A0EE-C15F9F78DDD7}.Debug|ARM.ActiveCfg = Debug|Any CPU
		{CF52E9C2-B7EB-4C1D-A0EE-C15F9F78DDD7}.Debug|Any CPU.ActiveCfg = Debug|Any CPU
		{CF52E9C2-B7EB-4C1D-A0EE-C15F9F78DDD7}.Debug|Any CPU.Build.0 = Debug|Any CPU
		{CF52E9C2-B7EB-4C1D-A0EE-C15F9F78DDD7}.Debug|Any CPU.Deploy.0 = Debug|Any CPU
		{CF52E9C2-B7EB-4C1D-A0EE-C15F9F78DDD7}.Debug|x64.ActiveCfg = Debug|Any CPU
		{CF52E9C2-B7EB-4C1D-A0EE-C15F9F78DDD7}.Debug|x86.ActiveCfg = Debug|Any CPU
		{CF52E9C2-B7EB-4C1D-A0EE-C15F9F78DDD7}.Release|ARM.ActiveCfg = Release|Any CPU
		{CF52E9C2-B7EB-4C1D-A0EE-C15F9F78DDD7}.Release|Any CPU.ActiveCfg = Release|Any CPU
		{CF52E9C2-B7EB-4C1D-A0EE-C15F9F78DDD7}.Release|Any CPU.Build.0 = Release|Any CPU
		{CF52E9C2-B7EB-4C1D-A0EE-C15F9F78DDD7}.Release|Any CPU.Deploy.0 = Release|Any CPU
		{CF52E9C2-B7EB-4C1D-A0EE-C15F9F78DDD7}.Release|x64.ActiveCfg = Release|Any CPU
		{CF52E9C2-B7EB-4C1D-A0EE-C15F9F78DDD7}.Release|x86.ActiveCfg = Release|Any CPU
	EndGlobalSection
	GlobalSection(SolutionProperties) = preSolution
		HideSolutionNode = FALSE
	EndGlobalSection
EndGlobal
